
Microsoft Visual Studio Solution File, Format Version 12.00
# Visual Studio 15
VisualStudioVersion = 15.0.28307.1062
MinimumVisualStudioVersion = 10.0.40219.1
Project("{FAE04EC0-301F-11D3-BF4B-00C04F79EFBC}") = "SD6502_Assignment1part2_QiangZhang2173138", "SD6502_Assignment1part2_QiangZhang2173138\SD6502_Assignment1part2_QiangZhang2173138.csproj", "{562D7162-6B4D-4A44-A3BD-84C772CBF2EC}"
EndProject
Global
	GlobalSection(SolutionConfigurationPlatforms) = preSolution
		Debug|Any CPU = Debug|Any CPU
		Release|Any CPU = Release|Any CPU
	EndGlobalSection
	GlobalSection(ProjectConfigurationPlatforms) = postSolution
		{562D7162-6B4D-4A44-A3BD-84C772CBF2EC}.Debug|Any CPU.ActiveCfg = Debug|Any CPU
		{562D7162-6B4D-4A44-A3BD-84C772CBF2EC}.Debug|Any CPU.Build.0 = Debug|Any CPU
		{562D7162-6B4D-4A44-A3BD-84C772CBF2EC}.Release|Any CPU.ActiveCfg = Release|Any CPU
		{562D7162-6B4D-4A44-A3BD-84C772CBF2EC}.Release|Any CPU.Build.0 = Release|Any CPU
	EndGlobalSection
	GlobalSection(SolutionProperties) = preSolution
		HideSolutionNode = FALSE
	EndGlobalSection
	GlobalSection(ExtensibilityGlobals) = postSolution
		SolutionGuid = {5E994752-6885-4C97-B549-890B98A6F95D}
	EndGlobalSection
EndGlobal
