
Microsoft Visual Studio Solution File, Format Version 12.00
# Visual Studio 15
VisualStudioVersion = 15.0.28307.1062
MinimumVisualStudioVersion = 10.0.40219.1
Project("{FAE04EC0-301F-11D3-BF4B-00C04F79EFBC}") = "SD6502_Assignment1Part2Task2b_QiangZhang2173138", "SD6502_Assignment1Part2Task2b_QiangZhang2173138\SD6502_Assignment1Part2Task2b_QiangZhang2173138.csproj", "{F25DE399-B4C0-40F5-B4EA-53C63387653C}"
EndProject
Global
	GlobalSection(SolutionConfigurationPlatforms) = preSolution
		Debug|Any CPU = Debug|Any CPU
		Release|Any CPU = Release|Any CPU
	EndGlobalSection
	GlobalSection(ProjectConfigurationPlatforms) = postSolution
		{F25DE399-B4C0-40F5-B4EA-53C63387653C}.Debug|Any CPU.ActiveCfg = Debug|Any CPU
		{F25DE399-B4C0-40F5-B4EA-53C63387653C}.Debug|Any CPU.Build.0 = Debug|Any CPU
		{F25DE399-B4C0-40F5-B4EA-53C63387653C}.Release|Any CPU.ActiveCfg = Release|Any CPU
		{F25DE399-B4C0-40F5-B4EA-53C63387653C}.Release|Any CPU.Build.0 = Release|Any CPU
	EndGlobalSection
	GlobalSection(SolutionProperties) = preSolution
		HideSolutionNode = FALSE
	EndGlobalSection
	GlobalSection(ExtensibilityGlobals) = postSolution
		SolutionGuid = {E40F80B7-5719-4472-AA49-2F060F4D4045}
	EndGlobalSection
EndGlobal
